
Microsoft Visual Studio Solution File, Format Version 12.00
# Visual Studio 2013
VisualStudioVersion = 12.0.30723.0
MinimumVisualStudioVersion = 10.0.40219.1
Project("{F2A71F9B-5D33-465A-A702-920D77279786}") = "AnsiEscapeTools", "AnsiEscapeTools\AnsiEscapeTools.fsproj", "{12A6BB3C-39DA-425B-8AEE-D12C94FED471}"
EndProject
Project("{F2A71F9B-5D33-465A-A702-920D77279786}") = "AnsiEscapeTools.Tests", "AnsiEscapeTools.Tests\AnsiEscapeTools.Tests.fsproj", "{A0821A14-C22F-41E4-A883-5815CDFC007F}"
EndProject
Global
	GlobalSection(SolutionConfigurationPlatforms) = preSolution
		Debug|Any CPU = Debug|Any CPU
		Release|Any CPU = Release|Any CPU
	EndGlobalSection
	GlobalSection(ProjectConfigurationPlatforms) = postSolution
		{12A6BB3C-39DA-425B-8AEE-D12C94FED471}.Debug|Any CPU.ActiveCfg = Debug|Any CPU
		{12A6BB3C-39DA-425B-8AEE-D12C94FED471}.Debug|Any CPU.Build.0 = Debug|Any CPU
		{12A6BB3C-39DA-425B-8AEE-D12C94FED471}.Release|Any CPU.ActiveCfg = Release|Any CPU
		{12A6BB3C-39DA-425B-8AEE-D12C94FED471}.Release|Any CPU.Build.0 = Release|Any CPU
		{A0821A14-C22F-41E4-A883-5815CDFC007F}.Debug|Any CPU.ActiveCfg = Debug|Any CPU
		{A0821A14-C22F-41E4-A883-5815CDFC007F}.Debug|Any CPU.Build.0 = Debug|Any CPU
		{A0821A14-C22F-41E4-A883-5815CDFC007F}.Release|Any CPU.ActiveCfg = Release|Any CPU
		{A0821A14-C22F-41E4-A883-5815CDFC007F}.Release|Any CPU.Build.0 = Release|Any CPU
	EndGlobalSection
	GlobalSection(SolutionProperties) = preSolution
		HideSolutionNode = FALSE
	EndGlobalSection
EndGlobal
